
Microsoft Visual Studio Solution File, Format Version 12.00
# Visual Studio 2013
VisualStudioVersion = 12.0.30723.0
MinimumVisualStudioVersion = 10.0.40219.1
Project("{FAE04EC0-301F-11D3-BF4B-00C04F79EFBC}") = "BlueOnion.Domain", "BlueOnion.Domain\BlueOnion.Domain.csproj", "{29E02103-2377-4B47-BBEE-D79FFB0B1B1B}"
EndProject
Project("{FAE04EC0-301F-11D3-BF4B-00C04F79EFBC}") = "BlueOnion.ViewModel", "BlueOnion.ViewModel\BlueOnion.ViewModel.csproj", "{22131B10-597F-4B91-8451-CCB0AB5F16D6}"
EndProject
Global
	GlobalSection(SolutionConfigurationPlatforms) = preSolution
		Debug|Any CPU = Debug|Any CPU
		Release|Any CPU = Release|Any CPU
	EndGlobalSection
	GlobalSection(ProjectConfigurationPlatforms) = postSolution
		{29E02103-2377-4B47-BBEE-D79FFB0B1B1B}.Debug|Any CPU.ActiveCfg = Debug|Any CPU
		{29E02103-2377-4B47-BBEE-D79FFB0B1B1B}.Debug|Any CPU.Build.0 = Debug|Any CPU
		{29E02103-2377-4B47-BBEE-D79FFB0B1B1B}.Release|Any CPU.ActiveCfg = Release|Any CPU
		{29E02103-2377-4B47-BBEE-D79FFB0B1B1B}.Release|Any CPU.Build.0 = Release|Any CPU
		{22131B10-597F-4B91-8451-CCB0AB5F16D6}.Debug|Any CPU.ActiveCfg = Debug|Any CPU
		{22131B10-597F-4B91-8451-CCB0AB5F16D6}.Debug|Any CPU.Build.0 = Debug|Any CPU
		{22131B10-597F-4B91-8451-CCB0AB5F16D6}.Release|Any CPU.ActiveCfg = Release|Any CPU
		{22131B10-597F-4B91-8451-CCB0AB5F16D6}.Release|Any CPU.Build.0 = Release|Any CPU
	EndGlobalSection
	GlobalSection(SolutionProperties) = preSolution
		HideSolutionNode = FALSE
	EndGlobalSection
EndGlobal
